{
  "version": 4,
  "terraform_version": "0.12.26",
  "serial": 36,
  "lineage": "e27f698c-76ad-e8fe-04f5-e42b534f98a9",
  "outputs": {},
  "resources": [
    {
      "mode": "managed",
      "type": "google_compute_disk",
      "name": "nfsdisk",
      "provider": "provider.google",
      "instances": [
        {
          "schema_version": 0,
          "attributes": {
            "creation_timestamp": "2021-06-21T13:21:12.152-07:00",
            "description": "",
            "disk_encryption_key": [],
            "id": "projects/sidecar-314513/zones/europe-west2-a/disks/seconddisk",
            "image": "",
            "label_fingerprint": "42WmSpB8rSM=",
            "labels": null,
            "last_attach_timestamp": "",
            "last_detach_timestamp": "",
            "name": "seconddisk",
            "physical_block_size_bytes": 4096,
            "project": "sidecar-314513",
            "self_link": "https://www.googleapis.com/compute/v1/projects/sidecar-314513/zones/europe-west2-a/disks/seconddisk",
            "size": 1048,
            "snapshot": "",
            "source_image_encryption_key": [],
            "source_image_id": "",
            "source_snapshot_encryption_key": [],
            "source_snapshot_id": "",
            "timeouts": null,
            "type": "pd-standard",
            "users": [],
            "zone": "europe-west2-a"
          },
          "private": "eyJlMmJmYjczMC1lY2FhLTExZTYtOGY4OC0zNDM2M2JjN2M0YzAiOnsiY3JlYXRlIjozMDAwMDAwMDAwMDAsImRlbGV0ZSI6MjQwMDAwMDAwMDAwLCJ1cGRhdGUiOjI0MDAwMDAwMDAwMH19"
        }
      ]
    },
    {
      "mode": "managed",
      "type": "google_compute_firewall",
      "name": "default",
      "provider": "provider.google",
      "instances": [
        {
          "schema_version": 1,
          "attributes": {
            "allow": [
              {
                "ports": [
                  "22"
                ],
                "protocol": "tcp"
              },
              {
                "ports": [],
                "protocol": "icmp"
              }
            ],
            "creation_timestamp": "2021-06-21T13:21:12.146-07:00",
            "deny": [],
            "description": "",
            "destination_ranges": [],
            "direction": "INGRESS",
            "disabled": false,
            "enable_logging": null,
            "id": "projects/sidecar-314513/global/firewalls/nfsfirewall",
            "log_config": [],
            "name": "nfsfirewall",
            "network": "https://www.googleapis.com/compute/v1/projects/sidecar-314513/global/networks/default",
            "priority": 1000,
            "project": "sidecar-314513",
            "self_link": "https://www.googleapis.com/compute/v1/projects/sidecar-314513/global/firewalls/nfsfirewall",
            "source_ranges": [
              "0.0.0.0/0"
            ],
            "source_service_accounts": null,
            "source_tags": null,
            "target_service_accounts": null,
            "target_tags": null,
            "timeouts": null
          },
          "private": "eyJlMmJmYjczMC1lY2FhLTExZTYtOGY4OC0zNDM2M2JjN2M0YzAiOnsiY3JlYXRlIjoyNDAwMDAwMDAwMDAsImRlbGV0ZSI6MjQwMDAwMDAwMDAwLCJ1cGRhdGUiOjI0MDAwMDAwMDAwMH0sInNjaGVtYV92ZXJzaW9uIjoiMSJ9"
        }
      ]
    },
    {
      "mode": "managed",
      "type": "google_compute_firewall",
      "name": "internal",
      "provider": "provider.google",
      "instances": [
        {
          "schema_version": 1,
          "attributes": {
            "allow": [
              {
                "ports": [
                  "0-65000"
                ],
                "protocol": "tcp"
              },
              {
                "ports": [],
                "protocol": "icmp"
              }
            ],
            "creation_timestamp": "2021-06-21T13:21:12.154-07:00",
            "deny": [],
            "description": "",
            "destination_ranges": [],
            "direction": "INGRESS",
            "disabled": false,
            "enable_logging": null,
            "id": "projects/sidecar-314513/global/firewalls/nfsfirewall-internal",
            "log_config": [],
            "name": "nfsfirewall-internal",
            "network": "https://www.googleapis.com/compute/v1/projects/sidecar-314513/global/networks/internal-network",
            "priority": 1000,
            "project": "sidecar-314513",
            "self_link": "https://www.googleapis.com/compute/v1/projects/sidecar-314513/global/firewalls/nfsfirewall-internal",
            "source_ranges": [
              "0.0.0.0/0"
            ],
            "source_service_accounts": null,
            "source_tags": null,
            "target_service_accounts": null,
            "target_tags": null,
            "timeouts": null
          },
          "private": "eyJlMmJmYjczMC1lY2FhLTExZTYtOGY4OC0zNDM2M2JjN2M0YzAiOnsiY3JlYXRlIjoyNDAwMDAwMDAwMDAsImRlbGV0ZSI6MjQwMDAwMDAwMDAwLCJ1cGRhdGUiOjI0MDAwMDAwMDAwMH0sInNjaGVtYV92ZXJzaW9uIjoiMSJ9"
        }
      ]
    },
    {
      "mode": "managed",
      "type": "google_compute_instance",
      "name": "testinstance1",
      "provider": "provider.google",
      "instances": [
        {
          "schema_version": 6,
          "attributes": {
            "allow_stopping_for_update": null,
            "attached_disk": [
              {
                "device_name": "seconddisk",
                "disk_encryption_key_raw": "",
                "disk_encryption_key_sha256": "",
                "kms_key_self_link": "",
                "mode": "READ_WRITE",
                "source": "https://www.googleapis.com/compute/v1/projects/sidecar-314513/zones/europe-west2-a/disks/seconddisk"
              }
            ],
            "boot_disk": [
              {
                "auto_delete": true,
                "device_name": "persistent-disk-0",
                "disk_encryption_key_raw": "",
                "disk_encryption_key_sha256": "",
                "initialize_params": [
                  {
                    "image": "https://www.googleapis.com/compute/v1/projects/ubuntu-os-cloud/global/images/ubuntu-1804-bionic-v20200716",
                    "labels": {},
                    "size": 10,
                    "type": "pd-standard"
                  }
                ],
                "kms_key_self_link": "",
                "mode": "READ_WRITE",
                "source": "https://www.googleapis.com/compute/v1/projects/sidecar-314513/zones/europe-west2-a/disks/testinstance1"
              }
            ],
            "can_ip_forward": false,
            "confidential_instance_config": [],
            "cpu_platform": "Intel Broadwell",
            "current_status": "RUNNING",
            "deletion_protection": false,
            "description": "",
            "desired_status": null,
            "enable_display": false,
            "guest_accelerator": [],
            "hostname": "",
            "id": "projects/sidecar-314513/zones/europe-west2-a/instances/testinstance1",
            "instance_id": "2409690446838975019",
            "label_fingerprint": "42WmSpB8rSM=",
            "labels": null,
            "machine_type": "n1-standard-2",
            "metadata": null,
            "metadata_fingerprint": "qRQK9VCV2hc=",
            "metadata_startup_script": "#!/bin/bash  -x \n\n\nfdisk -l\n\n\nsudo parted -s -a optimal /dev/sdb mklabel gpt\nsudo echo \"y\" |mkfs -t ext4   /dev/sdb\n\n\nfstab=/etc/fstab\n\nif [[ $(grep -q \"sdb\" \"$fstab\") ]]\nthen\n    sudo oecho \"#nfs-disc\" \u003e\u003e /etc/fstab\n    sudo echo \"/dev/sdb /mnt/nfs_share ext4 defaults 0 2\" \u003e\u003e /etc/fstab\nelse\n    echo \"Entry in fstab exists.\"\nfi\n\n\nsudo mkdir -p /mnt/nfs_share\nsudo mount /dev/sdb /mnt/nfs_share\n\n\n\n\napt update\napt install -y nfs-kernel-server\nmkdir -p /mnt/nfs_share\nchmod 777 /mnt/nfs_share/\necho \"/mnt/nfs_share   *(rw,sync,no_subtree_check)\" \u003e\u003e /etc/exports\nexportfs -a\nsystemctl restart nfs-kernel-server\n\n",
            "min_cpu_platform": "",
            "name": "testinstance1",
            "network_interface": [
              {
                "access_config": [
                  {
                    "nat_ip": "34.105.187.11",
                    "network_tier": "PREMIUM",
                    "public_ptr_domain_name": ""
                  }
                ],
                "alias_ip_range": [],
                "name": "nic0",
                "network": "https://www.googleapis.com/compute/v1/projects/sidecar-314513/global/networks/default",
                "network_ip": "10.154.0.14",
                "nic_type": "",
                "subnetwork": "https://www.googleapis.com/compute/v1/projects/sidecar-314513/regions/europe-west2/subnetworks/default",
                "subnetwork_project": "sidecar-314513"
              },
              {
                "access_config": [],
                "alias_ip_range": [],
                "name": "nic1",
                "network": "https://www.googleapis.com/compute/v1/projects/sidecar-314513/global/networks/internal-network",
                "network_ip": "192.168.0.2",
                "nic_type": "",
                "subnetwork": "https://www.googleapis.com/compute/v1/projects/sidecar-314513/regions/europe-west2/subnetworks/internal-network",
                "subnetwork_project": "sidecar-314513"
              }
            ],
            "project": "sidecar-314513",
            "resource_policies": null,
            "scheduling": [
              {
                "automatic_restart": true,
                "min_node_cpus": 0,
                "node_affinities": [],
                "on_host_maintenance": "MIGRATE",
                "preemptible": false
              }
            ],
            "scratch_disk": [
              {
                "interface": "SCSI"
              }
            ],
            "self_link": "https://www.googleapis.com/compute/v1/projects/sidecar-314513/zones/europe-west2-a/instances/testinstance1",
            "service_account": [],
            "shielded_instance_config": [
              {
                "enable_integrity_monitoring": true,
                "enable_secure_boot": false,
                "enable_vtpm": true
              }
            ],
            "tags": [
              "test"
            ],
            "tags_fingerprint": "24toQCp64m8=",
            "timeouts": null,
            "zone": "europe-west2-a"
          },
          "private": "eyJlMmJmYjczMC1lY2FhLTExZTYtOGY4OC0zNDM2M2JjN2M0YzAiOnsiY3JlYXRlIjoxMjAwMDAwMDAwMDAwLCJkZWxldGUiOjEyMDAwMDAwMDAwMDAsInVwZGF0ZSI6MTIwMDAwMDAwMDAwMH0sInNjaGVtYV92ZXJzaW9uIjoiNiJ9",
          "dependencies": [
            "google_compute_disk.nfsdisk"
          ]
        }
      ]
    }
  ]
}
